
Microsoft Visual Studio Solution File, Format Version 12.00
# Visual Studio Version 17
VisualStudioVersion = 17.4.33122.133
MinimumVisualStudioVersion = 10.0.40219.1
Project("{9A19103F-16F7-4668-BE54-9A1E7A4F7556}") = "API", "src\API\API.csproj", "{FED3525F-AA4A-4883-ABC9-A0B67E475DE8}"
EndProject
Project("{E53339B2-1760-4266-BCC7-CA923CBCF16C}") = "docker-compose", "docker-compose\docker-compose.dcproj", "{7B7D98CD-C76C-4D81-A181-04D547C1290A}"
EndProject
Project("{2150E333-8FDC-42A3-9474-1A3956D46DE8}") = "src", "src", "{D576A084-9CE0-4D8B-9B6E-BEB2D300CAFB}"
EndProject
Project("{2150E333-8FDC-42A3-9474-1A3956D46DE8}") = "tests", "tests", "{9AE97E2F-50CD-4794-9D67-873D19EEF714}"
EndProject
Project("{9A19103F-16F7-4668-BE54-9A1E7A4F7556}") = "Domain", "src\Domain\Domain.csproj", "{F1000196-FACF-48BD-BCE8-350062C85449}"
EndProject
Project("{9A19103F-16F7-4668-BE54-9A1E7A4F7556}") = "Application", "src\Application\Application.csproj", "{CC15C83C-4C23-4865-9CEF-AB5EFBABDDB7}"
EndProject
Project("{9A19103F-16F7-4668-BE54-9A1E7A4F7556}") = "Infrastructure", "src\Infrastructure\Infrastructure.csproj", "{991050CC-F68A-477F-8D0F-E9E6E5AF26E7}"
EndProject
Project("{2150E333-8FDC-42A3-9474-1A3956D46DE8}") = "core", "core", "{297900E4-F88A-42F7-A871-24B74DF289C2}"
EndProject
Project("{2150E333-8FDC-42A3-9474-1A3956D46DE8}") = "adapters", "adapters", "{60B975A8-2A83-4472-9B4E-9746BA7B4A9C}"
EndProject
Project("{2150E333-8FDC-42A3-9474-1A3956D46DE8}") = "adapters", "adapters", "{F5E69B50-3A5E-46CB-9161-CFD0F9F6A755}"
EndProject
Project("{2150E333-8FDC-42A3-9474-1A3956D46DE8}") = "core", "core", "{76E6B762-7874-4D39-9707-072D13767DC6}"
EndProject
Project("{FAE04EC0-301F-11D3-BF4B-00C04F79EFBC}") = "Infrastructure.Tests", "tests\Infrastructure.Tests\Infrastructure.Tests.csproj", "{BE51D000-731B-42E1-8520-B18A99CF7E16}"
EndProject
Project("{FAE04EC0-301F-11D3-BF4B-00C04F79EFBC}") = "API.Tests", "tests\API.Tests\API.Tests.csproj", "{CD4942E5-2930-41C4-A500-385AB1DE6A2D}"
EndProject
Project("{FAE04EC0-301F-11D3-BF4B-00C04F79EFBC}") = "Application.Tests", "tests\Application.Tests\Application.Tests.csproj", "{F6A5D3A4-5B22-466E-9D53-397BD25D5A18}"
EndProject
Project("{FAE04EC0-301F-11D3-BF4B-00C04F79EFBC}") = "Domain.Tests", "tests\Domain.Tests\Domain.Tests.csproj", "{E97D0917-DE4B-49E9-BF5C-918011E249CA}"
EndProject
Global
	GlobalSection(SolutionConfigurationPlatforms) = preSolution
		Debug|Any CPU = Debug|Any CPU
		Release|Any CPU = Release|Any CPU
	EndGlobalSection
	GlobalSection(ProjectConfigurationPlatforms) = postSolution
		{FED3525F-AA4A-4883-ABC9-A0B67E475DE8}.Debug|Any CPU.ActiveCfg = Debug|Any CPU
		{FED3525F-AA4A-4883-ABC9-A0B67E475DE8}.Debug|Any CPU.Build.0 = Debug|Any CPU
		{FED3525F-AA4A-4883-ABC9-A0B67E475DE8}.Release|Any CPU.ActiveCfg = Release|Any CPU
		{FED3525F-AA4A-4883-ABC9-A0B67E475DE8}.Release|Any CPU.Build.0 = Release|Any CPU
		{7B7D98CD-C76C-4D81-A181-04D547C1290A}.Debug|Any CPU.ActiveCfg = Debug|Any CPU
		{7B7D98CD-C76C-4D81-A181-04D547C1290A}.Debug|Any CPU.Build.0 = Debug|Any CPU
		{7B7D98CD-C76C-4D81-A181-04D547C1290A}.Release|Any CPU.ActiveCfg = Release|Any CPU
		{7B7D98CD-C76C-4D81-A181-04D547C1290A}.Release|Any CPU.Build.0 = Release|Any CPU
		{F1000196-FACF-48BD-BCE8-350062C85449}.Debug|Any CPU.ActiveCfg = Debug|Any CPU
		{F1000196-FACF-48BD-BCE8-350062C85449}.Debug|Any CPU.Build.0 = Debug|Any CPU
		{F1000196-FACF-48BD-BCE8-350062C85449}.Release|Any CPU.ActiveCfg = Release|Any CPU
		{F1000196-FACF-48BD-BCE8-350062C85449}.Release|Any CPU.Build.0 = Release|Any CPU
		{CC15C83C-4C23-4865-9CEF-AB5EFBABDDB7}.Debug|Any CPU.ActiveCfg = Debug|Any CPU
		{CC15C83C-4C23-4865-9CEF-AB5EFBABDDB7}.Debug|Any CPU.Build.0 = Debug|Any CPU
		{CC15C83C-4C23-4865-9CEF-AB5EFBABDDB7}.Release|Any CPU.ActiveCfg = Release|Any CPU
		{CC15C83C-4C23-4865-9CEF-AB5EFBABDDB7}.Release|Any CPU.Build.0 = Release|Any CPU
		{991050CC-F68A-477F-8D0F-E9E6E5AF26E7}.Debug|Any CPU.ActiveCfg = Debug|Any CPU
		{991050CC-F68A-477F-8D0F-E9E6E5AF26E7}.Debug|Any CPU.Build.0 = Debug|Any CPU
		{991050CC-F68A-477F-8D0F-E9E6E5AF26E7}.Release|Any CPU.ActiveCfg = Release|Any CPU
		{991050CC-F68A-477F-8D0F-E9E6E5AF26E7}.Release|Any CPU.Build.0 = Release|Any CPU
		{BE51D000-731B-42E1-8520-B18A99CF7E16}.Debug|Any CPU.ActiveCfg = Debug|Any CPU
		{BE51D000-731B-42E1-8520-B18A99CF7E16}.Debug|Any CPU.Build.0 = Debug|Any CPU
		{BE51D000-731B-42E1-8520-B18A99CF7E16}.Release|Any CPU.ActiveCfg = Release|Any CPU
		{BE51D000-731B-42E1-8520-B18A99CF7E16}.Release|Any CPU.Build.0 = Release|Any CPU
		{CD4942E5-2930-41C4-A500-385AB1DE6A2D}.Debug|Any CPU.ActiveCfg = Debug|Any CPU
		{CD4942E5-2930-41C4-A500-385AB1DE6A2D}.Debug|Any CPU.Build.0 = Debug|Any CPU
		{CD4942E5-2930-41C4-A500-385AB1DE6A2D}.Release|Any CPU.ActiveCfg = Release|Any CPU
		{CD4942E5-2930-41C4-A500-385AB1DE6A2D}.Release|Any CPU.Build.0 = Release|Any CPU
		{F6A5D3A4-5B22-466E-9D53-397BD25D5A18}.Debug|Any CPU.ActiveCfg = Debug|Any CPU
		{F6A5D3A4-5B22-466E-9D53-397BD25D5A18}.Debug|Any CPU.Build.0 = Debug|Any CPU
		{F6A5D3A4-5B22-466E-9D53-397BD25D5A18}.Release|Any CPU.ActiveCfg = Release|Any CPU
		{F6A5D3A4-5B22-466E-9D53-397BD25D5A18}.Release|Any CPU.Build.0 = Release|Any CPU
		{E97D0917-DE4B-49E9-BF5C-918011E249CA}.Debug|Any CPU.ActiveCfg = Debug|Any CPU
		{E97D0917-DE4B-49E9-BF5C-918011E249CA}.Debug|Any CPU.Build.0 = Debug|Any CPU
		{E97D0917-DE4B-49E9-BF5C-918011E249CA}.Release|Any CPU.ActiveCfg = Release|Any CPU
		{E97D0917-DE4B-49E9-BF5C-918011E249CA}.Release|Any CPU.Build.0 = Release|Any CPU
	EndGlobalSection
	GlobalSection(SolutionProperties) = preSolution
		HideSolutionNode = FALSE
	EndGlobalSection
	GlobalSection(NestedProjects) = preSolution
		{FED3525F-AA4A-4883-ABC9-A0B67E475DE8} = {60B975A8-2A83-4472-9B4E-9746BA7B4A9C}
		{F1000196-FACF-48BD-BCE8-350062C85449} = {297900E4-F88A-42F7-A871-24B74DF289C2}
		{CC15C83C-4C23-4865-9CEF-AB5EFBABDDB7} = {297900E4-F88A-42F7-A871-24B74DF289C2}
		{991050CC-F68A-477F-8D0F-E9E6E5AF26E7} = {60B975A8-2A83-4472-9B4E-9746BA7B4A9C}
		{297900E4-F88A-42F7-A871-24B74DF289C2} = {D576A084-9CE0-4D8B-9B6E-BEB2D300CAFB}
		{60B975A8-2A83-4472-9B4E-9746BA7B4A9C} = {D576A084-9CE0-4D8B-9B6E-BEB2D300CAFB}
		{F5E69B50-3A5E-46CB-9161-CFD0F9F6A755} = {9AE97E2F-50CD-4794-9D67-873D19EEF714}
		{76E6B762-7874-4D39-9707-072D13767DC6} = {9AE97E2F-50CD-4794-9D67-873D19EEF714}
		{BE51D000-731B-42E1-8520-B18A99CF7E16} = {F5E69B50-3A5E-46CB-9161-CFD0F9F6A755}
		{CD4942E5-2930-41C4-A500-385AB1DE6A2D} = {F5E69B50-3A5E-46CB-9161-CFD0F9F6A755}
		{F6A5D3A4-5B22-466E-9D53-397BD25D5A18} = {76E6B762-7874-4D39-9707-072D13767DC6}
		{E97D0917-DE4B-49E9-BF5C-918011E249CA} = {76E6B762-7874-4D39-9707-072D13767DC6}
	EndGlobalSection
	GlobalSection(ExtensibilityGlobals) = postSolution
		SolutionGuid = {CBEC5475-E55B-4B9C-9F4C-9A0F92D5F868}
	EndGlobalSection
EndGlobal
